
Microsoft Visual Studio Solution File, Format Version 12.00
# Visual Studio Version 17
VisualStudioVersion = 17.8.34330.188
MinimumVisualStudioVersion = 10.0.40219.1
Project("{FAE04EC0-301F-11D3-BF4B-00C04F79EFBC}") = "projeto_sala_petshop", "projeto_sala_petshop\projeto_sala_petshop.csproj", "{7EADE01C-908A-4675-B59B-D2F5F1236C41}"
EndProject
Global
	GlobalSection(SolutionConfigurationPlatforms) = preSolution
		Debug|Any CPU = Debug|Any CPU
		Release|Any CPU = Release|Any CPU
	EndGlobalSection
	GlobalSection(ProjectConfigurationPlatforms) = postSolution
		{7EADE01C-908A-4675-B59B-D2F5F1236C41}.Debug|Any CPU.ActiveCfg = Debug|Any CPU
		{7EADE01C-908A-4675-B59B-D2F5F1236C41}.Debug|Any CPU.Build.0 = Debug|Any CPU
		{7EADE01C-908A-4675-B59B-D2F5F1236C41}.Release|Any CPU.ActiveCfg = Release|Any CPU
		{7EADE01C-908A-4675-B59B-D2F5F1236C41}.Release|Any CPU.Build.0 = Release|Any CPU
	EndGlobalSection
	GlobalSection(SolutionProperties) = preSolution
		HideSolutionNode = FALSE
	EndGlobalSection
	GlobalSection(ExtensibilityGlobals) = postSolution
		SolutionGuid = {FFBED035-ECA6-4A13-A960-175262920B9B}
	EndGlobalSection
EndGlobal
